{
  "pins" : [
    {
      "identity" : "gifpediaservice",
      "kind" : "remoteSourceControl",
      "location" : "https://github.com/Yabby1997/GIFPediaService",
      "state" : {
        "revision" : "b69fadce2c5a9dfca927cceb03de0504f2022b85",
        "version" : "0.2.2"
      }
    },
    {
      "identity" : "giphyrepository",
      "kind" : "remoteSourceControl",
      "location" : "https://github.com/Yabby1997/GiphyRepository",
      "state" : {
        "revision" : "25480c6ebb029b8dfa396312033eff6b9d73574c",
        "version" : "0.1.1"
      }
    }
  ],
  "version" : 2
}
