{
  "pins" : [
    {
      "identity" : "shnetworkserviceinterface",
      "kind" : "remoteSourceControl",
      "location" : "https://github.com/Yabby1997/SHNetworkServiceInterface",
      "state" : {
        "revision" : "2f6778ad4fc7b53ebb38073da3ee21592d0618ad",
        "version" : "0.1.0"
      }
    }
  ],
  "version" : 2
}
